
Microsoft Visual Studio Solution File, Format Version 12.00
# Visual Studio Version 17
VisualStudioVersion = 17.6.33723.286
MinimumVisualStudioVersion = 10.0.40219.1
Project("{9A19103F-16F7-4668-BE54-9A1E7A4F7556}") = "CAM.Infrastucture", "CAM.Infrastucture\CAM.Infrastucture.csproj", "{880BBF6C-CD4D-41E8-B468-B4C15D9B633E}"
EndProject
Project("{9A19103F-16F7-4668-BE54-9A1E7A4F7556}") = "CAM.Contracts", "CAM.Contracts\CAM.Contracts.csproj", "{41C85A0C-8FAB-4D38-BE25-6FAB42C9B7C0}"
EndProject
Project("{9A19103F-16F7-4668-BE54-9A1E7A4F7556}") = "CAM.Entities", "CAM.Entities\CAM.Entities.csproj", "{08FC1C16-E7BB-4C05-BC01-B0CAB9BF84E9}"
EndProject
Project("{9A19103F-16F7-4668-BE54-9A1E7A4F7556}") = "CAM.Repository", "CAM.Repository\CAM.Repository.csproj", "{7101D7D2-B059-4466-A0FC-6C979BDC651D}"
EndProject
Project("{9A19103F-16F7-4668-BE54-9A1E7A4F7556}") = "CAM.LoggerService", "CAM.LoggerService\CAM.LoggerService.csproj", "{6DC7A72C-DF7C-420D-8206-FB9F8C0863DA}"
EndProject
Project("{9A19103F-16F7-4668-BE54-9A1E7A4F7556}") = "CAM.Identity", "CAM.Identity\CAM.Identity.csproj", "{0E9A4963-F0F0-4D4A-84F4-456F747B3A4C}"
EndProject
Project("{9A19103F-16F7-4668-BE54-9A1E7A4F7556}") = "CAM.WebAPI", "CAM.WebAPI\CAM.WebAPI.csproj", "{48F0D80A-8F7A-4BF4-B958-974393B6B195}"
EndProject
Project("{9A19103F-16F7-4668-BE54-9A1E7A4F7556}") = "CAM.DataTransferObjects", "CAM.DataTransferObjects\CAM.DataTransferObjects.csproj", "{02ACF0AC-99CE-407D-8DA9-BB963B843AD3}"
EndProject
Project("{2150E333-8FDC-42A3-9474-1A3956D46DE8}") = "01.Common", "01.Common", "{1E7DBB60-D41C-463D-8F81-4DC4F6E93DFF}"
EndProject
Project("{2150E333-8FDC-42A3-9474-1A3956D46DE8}") = "02.Data", "02.Data", "{363EDE27-D982-49C6-9C87-9CF8A89BA525}"
EndProject
Project("{2150E333-8FDC-42A3-9474-1A3956D46DE8}") = "03.BusinessManager", "03.BusinessManager", "{E825DC67-62C9-4C30-965F-CA7A89C488B8}"
EndProject
Project("{9A19103F-16F7-4668-BE54-9A1E7A4F7556}") = "CAM.BusinessManager", "CAM.BusinessManager\CAM.BusinessManager.csproj", "{305C987B-A64B-4E23-BADC-3F913F6CE462}"
EndProject
Project("{2150E333-8FDC-42A3-9474-1A3956D46DE8}") = "04.PresentationLayer", "04.PresentationLayer", "{C7C97BEE-CFD1-4F05-8E88-A0F281054DEA}"
	ProjectSection(SolutionItems) = preProject
		CAM.WebAPI\azure-pipelines.yml = CAM.WebAPI\azure-pipelines.yml
	EndProjectSection
EndProject
Project("{9A19103F-16F7-4668-BE54-9A1E7A4F7556}") = "CAM.Enum", "CAM.Enum\CAM.Enum.csproj", "{00AB64B1-7CFF-4868-A574-6560EBA97503}"
EndProject
Project("{9A19103F-16F7-4668-BE54-9A1E7A4F7556}") = "CAM.Exports", "CAM.Exports\CAM.Exports.csproj", "{B4B0172B-69A0-441F-A61A-9C8B4A24C982}"
EndProject
Project("{9A19103F-16F7-4668-BE54-9A1E7A4F7556}") = "CAM.DataAttributes", "CAM.DataAttributes\CAM.DataAttributes.csproj", "{83B17214-6F16-46F4-A8AF-7F4A3D80D7C9}"
EndProject
Project("{9A19103F-16F7-4668-BE54-9A1E7A4F7556}") = "CAM.Mail", "CAM.Mail\CAM.Mail.csproj", "{D5F78516-C247-4B23-B428-E09B3271529D}"
EndProject
Project("{9A19103F-16F7-4668-BE54-9A1E7A4F7556}") = "OracleModels", "OracleModels\OracleModels.csproj", "{5197AA71-FE59-4ADD-9190-A49347A1C88D}"
EndProject
Project("{00D1A9C2-B5F0-4AF3-8072-F6C62B433612}") = "TEMSDBScripts", "TEMSDBScripts\TEMSDBScripts.sqlproj", "{B1083B0D-63AD-4FF6-8F09-528028F8B649}"
EndProject
Project("{9A19103F-16F7-4668-BE54-9A1E7A4F7556}") = "CAM.ResourceKey", "CAM.ResourceKey\CAM.ResourceKey.csproj", "{50905C32-F9C8-48A0-B51D-48FF3AB97E06}"
EndProject
Project("{9A19103F-16F7-4668-BE54-9A1E7A4F7556}") = "CAM.Imports", "CAM.Import\CAM.Imports.csproj", "{4A6094DB-FE51-4D0E-90B4-B126AD7CB04E}"
EndProject
Global
	GlobalSection(SolutionConfigurationPlatforms) = preSolution
		Debug|Any CPU = Debug|Any CPU
		Release|Any CPU = Release|Any CPU
	EndGlobalSection
	GlobalSection(ProjectConfigurationPlatforms) = postSolution
		{880BBF6C-CD4D-41E8-B468-B4C15D9B633E}.Debug|Any CPU.ActiveCfg = Debug|Any CPU
		{880BBF6C-CD4D-41E8-B468-B4C15D9B633E}.Debug|Any CPU.Build.0 = Debug|Any CPU
		{880BBF6C-CD4D-41E8-B468-B4C15D9B633E}.Release|Any CPU.ActiveCfg = Release|Any CPU
		{880BBF6C-CD4D-41E8-B468-B4C15D9B633E}.Release|Any CPU.Build.0 = Release|Any CPU
		{41C85A0C-8FAB-4D38-BE25-6FAB42C9B7C0}.Debug|Any CPU.ActiveCfg = Debug|Any CPU
		{41C85A0C-8FAB-4D38-BE25-6FAB42C9B7C0}.Debug|Any CPU.Build.0 = Debug|Any CPU
		{41C85A0C-8FAB-4D38-BE25-6FAB42C9B7C0}.Release|Any CPU.ActiveCfg = Release|Any CPU
		{41C85A0C-8FAB-4D38-BE25-6FAB42C9B7C0}.Release|Any CPU.Build.0 = Release|Any CPU
		{08FC1C16-E7BB-4C05-BC01-B0CAB9BF84E9}.Debug|Any CPU.ActiveCfg = Debug|Any CPU
		{08FC1C16-E7BB-4C05-BC01-B0CAB9BF84E9}.Debug|Any CPU.Build.0 = Debug|Any CPU
		{08FC1C16-E7BB-4C05-BC01-B0CAB9BF84E9}.Release|Any CPU.ActiveCfg = Release|Any CPU
		{08FC1C16-E7BB-4C05-BC01-B0CAB9BF84E9}.Release|Any CPU.Build.0 = Release|Any CPU
		{7101D7D2-B059-4466-A0FC-6C979BDC651D}.Debug|Any CPU.ActiveCfg = Debug|Any CPU
		{7101D7D2-B059-4466-A0FC-6C979BDC651D}.Debug|Any CPU.Build.0 = Debug|Any CPU
		{7101D7D2-B059-4466-A0FC-6C979BDC651D}.Release|Any CPU.ActiveCfg = Release|Any CPU
		{7101D7D2-B059-4466-A0FC-6C979BDC651D}.Release|Any CPU.Build.0 = Release|Any CPU
		{6DC7A72C-DF7C-420D-8206-FB9F8C0863DA}.Debug|Any CPU.ActiveCfg = Debug|Any CPU
		{6DC7A72C-DF7C-420D-8206-FB9F8C0863DA}.Debug|Any CPU.Build.0 = Debug|Any CPU
		{6DC7A72C-DF7C-420D-8206-FB9F8C0863DA}.Release|Any CPU.ActiveCfg = Release|Any CPU
		{6DC7A72C-DF7C-420D-8206-FB9F8C0863DA}.Release|Any CPU.Build.0 = Release|Any CPU
		{0E9A4963-F0F0-4D4A-84F4-456F747B3A4C}.Debug|Any CPU.ActiveCfg = Debug|Any CPU
		{0E9A4963-F0F0-4D4A-84F4-456F747B3A4C}.Debug|Any CPU.Build.0 = Debug|Any CPU
		{0E9A4963-F0F0-4D4A-84F4-456F747B3A4C}.Release|Any CPU.ActiveCfg = Release|Any CPU
		{0E9A4963-F0F0-4D4A-84F4-456F747B3A4C}.Release|Any CPU.Build.0 = Release|Any CPU
		{48F0D80A-8F7A-4BF4-B958-974393B6B195}.Debug|Any CPU.ActiveCfg = Debug|Any CPU
		{48F0D80A-8F7A-4BF4-B958-974393B6B195}.Debug|Any CPU.Build.0 = Debug|Any CPU
		{48F0D80A-8F7A-4BF4-B958-974393B6B195}.Release|Any CPU.ActiveCfg = Release|Any CPU
		{48F0D80A-8F7A-4BF4-B958-974393B6B195}.Release|Any CPU.Build.0 = Release|Any CPU
		{02ACF0AC-99CE-407D-8DA9-BB963B843AD3}.Debug|Any CPU.ActiveCfg = Debug|Any CPU
		{02ACF0AC-99CE-407D-8DA9-BB963B843AD3}.Debug|Any CPU.Build.0 = Debug|Any CPU
		{02ACF0AC-99CE-407D-8DA9-BB963B843AD3}.Release|Any CPU.ActiveCfg = Release|Any CPU
		{02ACF0AC-99CE-407D-8DA9-BB963B843AD3}.Release|Any CPU.Build.0 = Release|Any CPU
		{305C987B-A64B-4E23-BADC-3F913F6CE462}.Debug|Any CPU.ActiveCfg = Debug|Any CPU
		{305C987B-A64B-4E23-BADC-3F913F6CE462}.Debug|Any CPU.Build.0 = Debug|Any CPU
		{305C987B-A64B-4E23-BADC-3F913F6CE462}.Release|Any CPU.ActiveCfg = Release|Any CPU
		{305C987B-A64B-4E23-BADC-3F913F6CE462}.Release|Any CPU.Build.0 = Release|Any CPU
		{00AB64B1-7CFF-4868-A574-6560EBA97503}.Debug|Any CPU.ActiveCfg = Debug|Any CPU
		{00AB64B1-7CFF-4868-A574-6560EBA97503}.Debug|Any CPU.Build.0 = Debug|Any CPU
		{00AB64B1-7CFF-4868-A574-6560EBA97503}.Release|Any CPU.ActiveCfg = Release|Any CPU
		{00AB64B1-7CFF-4868-A574-6560EBA97503}.Release|Any CPU.Build.0 = Release|Any CPU
		{B4B0172B-69A0-441F-A61A-9C8B4A24C982}.Debug|Any CPU.ActiveCfg = Debug|Any CPU
		{B4B0172B-69A0-441F-A61A-9C8B4A24C982}.Debug|Any CPU.Build.0 = Debug|Any CPU
		{B4B0172B-69A0-441F-A61A-9C8B4A24C982}.Release|Any CPU.ActiveCfg = Release|Any CPU
		{B4B0172B-69A0-441F-A61A-9C8B4A24C982}.Release|Any CPU.Build.0 = Release|Any CPU
		{83B17214-6F16-46F4-A8AF-7F4A3D80D7C9}.Debug|Any CPU.ActiveCfg = Debug|Any CPU
		{83B17214-6F16-46F4-A8AF-7F4A3D80D7C9}.Debug|Any CPU.Build.0 = Debug|Any CPU
		{83B17214-6F16-46F4-A8AF-7F4A3D80D7C9}.Release|Any CPU.ActiveCfg = Release|Any CPU
		{83B17214-6F16-46F4-A8AF-7F4A3D80D7C9}.Release|Any CPU.Build.0 = Release|Any CPU
		{D5F78516-C247-4B23-B428-E09B3271529D}.Debug|Any CPU.ActiveCfg = Debug|Any CPU
		{D5F78516-C247-4B23-B428-E09B3271529D}.Debug|Any CPU.Build.0 = Debug|Any CPU
		{D5F78516-C247-4B23-B428-E09B3271529D}.Release|Any CPU.ActiveCfg = Release|Any CPU
		{D5F78516-C247-4B23-B428-E09B3271529D}.Release|Any CPU.Build.0 = Release|Any CPU
		{5197AA71-FE59-4ADD-9190-A49347A1C88D}.Debug|Any CPU.ActiveCfg = Debug|Any CPU
		{5197AA71-FE59-4ADD-9190-A49347A1C88D}.Debug|Any CPU.Build.0 = Debug|Any CPU
		{5197AA71-FE59-4ADD-9190-A49347A1C88D}.Release|Any CPU.ActiveCfg = Release|Any CPU
		{5197AA71-FE59-4ADD-9190-A49347A1C88D}.Release|Any CPU.Build.0 = Release|Any CPU
		{B1083B0D-63AD-4FF6-8F09-528028F8B649}.Debug|Any CPU.ActiveCfg = Debug|Any CPU
		{B1083B0D-63AD-4FF6-8F09-528028F8B649}.Debug|Any CPU.Build.0 = Debug|Any CPU
		{B1083B0D-63AD-4FF6-8F09-528028F8B649}.Debug|Any CPU.Deploy.0 = Debug|Any CPU
		{B1083B0D-63AD-4FF6-8F09-528028F8B649}.Release|Any CPU.ActiveCfg = Release|Any CPU
		{B1083B0D-63AD-4FF6-8F09-528028F8B649}.Release|Any CPU.Build.0 = Release|Any CPU
		{B1083B0D-63AD-4FF6-8F09-528028F8B649}.Release|Any CPU.Deploy.0 = Release|Any CPU
		{50905C32-F9C8-48A0-B51D-48FF3AB97E06}.Debug|Any CPU.ActiveCfg = Debug|Any CPU
		{50905C32-F9C8-48A0-B51D-48FF3AB97E06}.Debug|Any CPU.Build.0 = Debug|Any CPU
		{50905C32-F9C8-48A0-B51D-48FF3AB97E06}.Release|Any CPU.ActiveCfg = Release|Any CPU
		{50905C32-F9C8-48A0-B51D-48FF3AB97E06}.Release|Any CPU.Build.0 = Release|Any CPU
		{4A6094DB-FE51-4D0E-90B4-B126AD7CB04E}.Debug|Any CPU.ActiveCfg = Debug|Any CPU
		{4A6094DB-FE51-4D0E-90B4-B126AD7CB04E}.Debug|Any CPU.Build.0 = Debug|Any CPU
		{4A6094DB-FE51-4D0E-90B4-B126AD7CB04E}.Release|Any CPU.ActiveCfg = Release|Any CPU
		{4A6094DB-FE51-4D0E-90B4-B126AD7CB04E}.Release|Any CPU.Build.0 = Release|Any CPU
	EndGlobalSection
	GlobalSection(SolutionProperties) = preSolution
		HideSolutionNode = FALSE
	EndGlobalSection
	GlobalSection(NestedProjects) = preSolution
		{880BBF6C-CD4D-41E8-B468-B4C15D9B633E} = {1E7DBB60-D41C-463D-8F81-4DC4F6E93DFF}
		{41C85A0C-8FAB-4D38-BE25-6FAB42C9B7C0} = {1E7DBB60-D41C-463D-8F81-4DC4F6E93DFF}
		{08FC1C16-E7BB-4C05-BC01-B0CAB9BF84E9} = {363EDE27-D982-49C6-9C87-9CF8A89BA525}
		{7101D7D2-B059-4466-A0FC-6C979BDC651D} = {363EDE27-D982-49C6-9C87-9CF8A89BA525}
		{6DC7A72C-DF7C-420D-8206-FB9F8C0863DA} = {1E7DBB60-D41C-463D-8F81-4DC4F6E93DFF}
		{0E9A4963-F0F0-4D4A-84F4-456F747B3A4C} = {1E7DBB60-D41C-463D-8F81-4DC4F6E93DFF}
		{48F0D80A-8F7A-4BF4-B958-974393B6B195} = {C7C97BEE-CFD1-4F05-8E88-A0F281054DEA}
		{02ACF0AC-99CE-407D-8DA9-BB963B843AD3} = {1E7DBB60-D41C-463D-8F81-4DC4F6E93DFF}
		{305C987B-A64B-4E23-BADC-3F913F6CE462} = {E825DC67-62C9-4C30-965F-CA7A89C488B8}
		{00AB64B1-7CFF-4868-A574-6560EBA97503} = {1E7DBB60-D41C-463D-8F81-4DC4F6E93DFF}
		{B4B0172B-69A0-441F-A61A-9C8B4A24C982} = {1E7DBB60-D41C-463D-8F81-4DC4F6E93DFF}
		{83B17214-6F16-46F4-A8AF-7F4A3D80D7C9} = {1E7DBB60-D41C-463D-8F81-4DC4F6E93DFF}
		{D5F78516-C247-4B23-B428-E09B3271529D} = {1E7DBB60-D41C-463D-8F81-4DC4F6E93DFF}
		{5197AA71-FE59-4ADD-9190-A49347A1C88D} = {363EDE27-D982-49C6-9C87-9CF8A89BA525}
		{B1083B0D-63AD-4FF6-8F09-528028F8B649} = {363EDE27-D982-49C6-9C87-9CF8A89BA525}
		{50905C32-F9C8-48A0-B51D-48FF3AB97E06} = {1E7DBB60-D41C-463D-8F81-4DC4F6E93DFF}
		{4A6094DB-FE51-4D0E-90B4-B126AD7CB04E} = {1E7DBB60-D41C-463D-8F81-4DC4F6E93DFF}
	EndGlobalSection
	GlobalSection(ExtensibilityGlobals) = postSolution
		SolutionGuid = {2E0EF85E-407E-4595-A0AA-DFDB256E015E}
	EndGlobalSection
EndGlobal
